
Microsoft Visual Studio Solution File, Format Version 12.00
# Visual Studio Version 16
VisualStudioVersion = 16.0.35731.53
MinimumVisualStudioVersion = 10.0.40219.1
Project("{C9674DCB-5085-4A16-B785-4C70DD1589BD}") = "PSPAnalysisETLProject", "PSPAnalysisETLProject\PSPAnalysisETLProject.dtproj", "{8EEDB093-E105-4070-8067-67163CA5A748}"
EndProject
Global
	GlobalSection(SolutionConfigurationPlatforms) = preSolution
		Development|Default = Development|Default
	EndGlobalSection
	GlobalSection(ProjectConfigurationPlatforms) = postSolution
		{8EEDB093-E105-4070-8067-67163CA5A748}.Development|Default.ActiveCfg = Development
		{8EEDB093-E105-4070-8067-67163CA5A748}.Development|Default.Build.0 = Development
	EndGlobalSection
	GlobalSection(SolutionProperties) = preSolution
		HideSolutionNode = FALSE
	EndGlobalSection
	GlobalSection(ExtensibilityGlobals) = postSolution
		SolutionGuid = {95451065-681A-40A6-B992-490D26B44102}
	EndGlobalSection
EndGlobal
